
Microsoft Visual Studio Solution File, Format Version 12.00
# Visual Studio Version 17
VisualStudioVersion = 17.11.35219.272
MinimumVisualStudioVersion = 10.0.40219.1
Project("{FAE04EC0-301F-11D3-BF4B-00C04F79EFBC}") = "QLBH_TeemoSneaker", "QLBH_TeemoSneaker\QLBH_TeemoSneaker.csproj", "{E8662560-6AAF-4A12-A95D-885C45CA4797}"
EndProject
Global
	GlobalSection(SolutionConfigurationPlatforms) = preSolution
		Debug|Any CPU = Debug|Any CPU
		Release|Any CPU = Release|Any CPU
	EndGlobalSection
	GlobalSection(ProjectConfigurationPlatforms) = postSolution
		{E8662560-6AAF-4A12-A95D-885C45CA4797}.Debug|Any CPU.ActiveCfg = Debug|Any CPU
		{E8662560-6AAF-4A12-A95D-885C45CA4797}.Debug|Any CPU.Build.0 = Debug|Any CPU
		{E8662560-6AAF-4A12-A95D-885C45CA4797}.Release|Any CPU.ActiveCfg = Release|Any CPU
		{E8662560-6AAF-4A12-A95D-885C45CA4797}.Release|Any CPU.Build.0 = Release|Any CPU
	EndGlobalSection
	GlobalSection(SolutionProperties) = preSolution
		HideSolutionNode = FALSE
	EndGlobalSection
	GlobalSection(ExtensibilityGlobals) = postSolution
		SolutionGuid = {F46F9FF1-D1FC-4605-9E05-2AFACEA2104F}
	EndGlobalSection
EndGlobal
